
Microsoft Visual Studio Solution File, Format Version 12.00
# Visual Studio Version 16
VisualStudioVersion = 16.0.34601.136
MinimumVisualStudioVersion = 10.0.40219.1
Project("{FAE04EC0-301F-11D3-BF4B-00C04F79EFBC}") = "chapter1", "chapter1\chapter1.csproj", "{A22B3331-343D-4E98-A4A1-C58730F8AE9A}"
EndProject
Global
	GlobalSection(SolutionConfigurationPlatforms) = preSolution
		Debug|Any CPU = Debug|Any CPU
		Release|Any CPU = Release|Any CPU
	EndGlobalSection
	GlobalSection(ProjectConfigurationPlatforms) = postSolution
		{A22B3331-343D-4E98-A4A1-C58730F8AE9A}.Debug|Any CPU.ActiveCfg = Debug|Any CPU
		{A22B3331-343D-4E98-A4A1-C58730F8AE9A}.Debug|Any CPU.Build.0 = Debug|Any CPU
		{A22B3331-343D-4E98-A4A1-C58730F8AE9A}.Release|Any CPU.ActiveCfg = Release|Any CPU
		{A22B3331-343D-4E98-A4A1-C58730F8AE9A}.Release|Any CPU.Build.0 = Release|Any CPU
	EndGlobalSection
	GlobalSection(SolutionProperties) = preSolution
		HideSolutionNode = FALSE
	EndGlobalSection
	GlobalSection(ExtensibilityGlobals) = postSolution
		SolutionGuid = {A4525F58-45B9-4839-951D-F6850EFBB9C1}
	EndGlobalSection
EndGlobal
