
Microsoft Visual Studio Solution File, Format Version 12.00
# Visual Studio Version 16
VisualStudioVersion = 16.0.34601.136
MinimumVisualStudioVersion = 10.0.40219.1
Project("{FAE04EC0-301F-11D3-BF4B-00C04F79EFBC}") = "SendVideoToH263", "SendVideoToH263\SendVideoToH263.csproj", "{70129B52-0211-4B58-8080-730A91696AA9}"
EndProject
Global
	GlobalSection(SolutionConfigurationPlatforms) = preSolution
		Debug|Any CPU = Debug|Any CPU
		Release|Any CPU = Release|Any CPU
	EndGlobalSection
	GlobalSection(ProjectConfigurationPlatforms) = postSolution
		{70129B52-0211-4B58-8080-730A91696AA9}.Debug|Any CPU.ActiveCfg = Debug|Any CPU
		{70129B52-0211-4B58-8080-730A91696AA9}.Debug|Any CPU.Build.0 = Debug|Any CPU
		{70129B52-0211-4B58-8080-730A91696AA9}.Release|Any CPU.ActiveCfg = Release|Any CPU
		{70129B52-0211-4B58-8080-730A91696AA9}.Release|Any CPU.Build.0 = Release|Any CPU
	EndGlobalSection
	GlobalSection(SolutionProperties) = preSolution
		HideSolutionNode = FALSE
	EndGlobalSection
	GlobalSection(ExtensibilityGlobals) = postSolution
		SolutionGuid = {11A70FFD-E4AB-4F4B-8E36-1593B27A61C4}
	EndGlobalSection
EndGlobal
